
Microsoft Visual Studio Solution File, Format Version 12.00
# Visual Studio 14
VisualStudioVersion = 14.0.25420.1
MinimumVisualStudioVersion = 10.0.40219.1
Project("{FAE04EC0-301F-11D3-BF4B-00C04F79EFBC}") = "ConsoleTest", "ConsoleTest\ConsoleTest.csproj", "{F0A8065D-E7A7-4DEB-81CF-A51A1FB53493}"
EndProject
Project("{FAE04EC0-301F-11D3-BF4B-00C04F79EFBC}") = "001异常处理", "001异常处理\001异常处理.csproj", "{0822255C-17A7-4795-B100-4D54E8FEBF17}"
EndProject
Project("{FAE04EC0-301F-11D3-BF4B-00C04F79EFBC}") = "002类的定义", "002类的定义\002类的定义.csproj", "{DEB9D25E-BF3F-4583-87EB-63D41A90C7C9}"
EndProject
Project("{FAE04EC0-301F-11D3-BF4B-00C04F79EFBC}") = "003实现自己的集合类MyList", "003实现自己的集合类MyList\003实现自己的集合类MyList.csproj", "{7045D361-41E7-4694-9FA2-DFCC369D39BC}"
EndProject
Project("{FAE04EC0-301F-11D3-BF4B-00C04F79EFBC}") = "004正则表达式", "004正则表达式\004正则表达式.csproj", "{0F91C1CC-342B-4F25-9B88-20EDFD1BA304}"
EndProject
Project("{FAE04EC0-301F-11D3-BF4B-00C04F79EFBC}") = "005定义委托", "005定义委托\005定义委托.csproj", "{42BD4EA5-76C1-43AC-9D23-3E4396466B31}"
EndProject
Project("{FAE04EC0-301F-11D3-BF4B-00C04F79EFBC}") = "排序练习", "排序练习\排序练习.csproj", "{0BB1110C-36C3-4262-B367-035481AFA50F}"
EndProject
Project("{FAE04EC0-301F-11D3-BF4B-00C04F79EFBC}") = "006冒泡排序拓展_委托", "006冒泡排序拓展_委托\006冒泡排序拓展_委托.csproj", "{87C5512B-8CC1-4FD4-8146-3888D3B73333}"
EndProject
Project("{FAE04EC0-301F-11D3-BF4B-00C04F79EFBC}") = "007观察者设计模式_猫抓老鼠_事件的应用", "007观察者设计模式_猫抓老鼠_事件的应用\007观察者设计模式_猫抓老鼠_事件的应用.csproj", "{70787864-DF18-4D74-8F7D-CF8EBAFA76C1}"
EndProject
Project("{FAE04EC0-301F-11D3-BF4B-00C04F79EFBC}") = "008LINQ", "008LINQ\008LINQ.csproj", "{C5BC925D-1465-4064-97FA-CE014970C232}"
EndProject
Project("{FAE04EC0-301F-11D3-BF4B-00C04F79EFBC}") = "009反射和特性", "009反射和特性\009反射和特性.csproj", "{929ACF04-1205-4DC8-A973-BE4D7F1BCF94}"
EndProject
Project("{FAE04EC0-301F-11D3-BF4B-00C04F79EFBC}") = "010特性", "010特性\010特性.csproj", "{C22DC3F4-9DE2-41B3-AFC6-40944AED1FF5}"
EndProject
Project("{FAE04EC0-301F-11D3-BF4B-00C04F79EFBC}") = "011线程_通过委托发起线程", "011线程_通过委托发起线程\011线程_通过委托发起线程.csproj", "{F9680C63-74B9-47B9-BD52-795F9FC52525}"
EndProject
Project("{FAE04EC0-301F-11D3-BF4B-00C04F79EFBC}") = "012线程_通过Thread类创建线程", "012通过Thread类创建线程\012线程_通过Thread类创建线程.csproj", "{051987AE-C8E8-4E5C-8B65-90D91CA094C7}"
EndProject
Project("{FAE04EC0-301F-11D3-BF4B-00C04F79EFBC}") = "013线程_通过线程池发起线程", "013线程_通过线程池发起线程\013线程_通过线程池发起线程.csproj", "{65E9291E-483F-4786-A6DF-E6ABB5A8AB02}"
EndProject
Project("{FAE04EC0-301F-11D3-BF4B-00C04F79EFBC}") = "014线程_任务", "014线程_任务\014线程_任务.csproj", "{A7C57014-7791-41E4-BA63-8DA08251918E}"
EndProject
Project("{FAE04EC0-301F-11D3-BF4B-00C04F79EFBC}") = "015文件操作", "015文件操作\015文件操作.csproj", "{598658A7-DF06-44B6-B149-76E3D16DCD49}"
EndProject
Project("{FAE04EC0-301F-11D3-BF4B-00C04F79EFBC}") = "016文件读写", "016文件读写\016文件读写.csproj", "{8AD07318-2399-44CC-A736-C4A87313B700}"
EndProject
Project("{FAE04EC0-301F-11D3-BF4B-00C04F79EFBC}") = "017xml操作", "017xml操作\017xml操作.csproj", "{F6D61949-1FDD-46C8-BF3B-F8521F416127}"
EndProject
Project("{FAE04EC0-301F-11D3-BF4B-00C04F79EFBC}") = "018json操作", "018json操作\018json操作.csproj", "{203E63A9-7DFD-4D9F-B9DD-A2A1F77A16C5}"
EndProject
Project("{FAE04EC0-301F-11D3-BF4B-00C04F79EFBC}") = "019线性表", "019线性表\019线性表.csproj", "{01A295DF-3BAB-4127-B3EA-B4B2A2EC4524}"
EndProject
Project("{FAE04EC0-301F-11D3-BF4B-00C04F79EFBC}") = "泛型练习", "泛型练习\泛型练习.csproj", "{5D4118EF-7FA0-4C6F-A864-B2E44A9B1895}"
EndProject
Project("{FAE04EC0-301F-11D3-BF4B-00C04F79EFBC}") = "图练习", "图练习\图练习.csproj", "{52B090AF-1E15-4468-BE32-DFC454D315B9}"
EndProject
Project("{FAE04EC0-301F-11D3-BF4B-00C04F79EFBC}") = "020自定义类型转换", "020自定义类型转换\020自定义类型转换.csproj", "{60B6A516-1CEC-4CCE-82CA-E91187ABF8A8}"
EndProject
Project("{FAE04EC0-301F-11D3-BF4B-00C04F79EFBC}") = "事件的完整声明", "事件的完整声明\事件的完整声明.csproj", "{77A6AAC6-1FF6-496F-B4D1-EF7483EE6836}"
EndProject
Project("{FAE04EC0-301F-11D3-BF4B-00C04F79EFBC}") = "连接MySQL", "连接MySQL\连接MySQL.csproj", "{B6C6F862-F27F-445C-8DA6-E08913B7732A}"
EndProject
Project("{FAE04EC0-301F-11D3-BF4B-00C04F79EFBC}") = "021接口", "021接口\021接口.csproj", "{F69AE178-F1C1-4AD2-980F-E3BB336409F4}"
EndProject
Project("{FAE04EC0-301F-11D3-BF4B-00C04F79EFBC}") = "Test", "Test\Test.csproj", "{97898663-B669-4A98-9723-5A74804DC01B}"
EndProject
Project("{FAE04EC0-301F-11D3-BF4B-00C04F79EFBC}") = "CSharp1迭代器实现", "CSharp1迭代器实现\CSharp1迭代器实现.csproj", "{F8D780DA-C1E6-467F-979B-B7683511EF6A}"
EndProject
Project("{FAE04EC0-301F-11D3-BF4B-00C04F79EFBC}") = "MVCDemo", "MVCDemo\MVCDemo.csproj", "{1ABFA65F-CE25-4226-94E1-7751980CDA8E}"
EndProject
Project("{FAE04EC0-301F-11D3-BF4B-00C04F79EFBC}") = "迭代器工作流程CodeList6_5", "迭代器工作流程CodeList6_5\迭代器工作流程CodeList6_5.csproj", "{4CB08B8F-31DA-4A22-9625-9795A8E708C6}"
EndProject
Project("{FAE04EC0-301F-11D3-BF4B-00C04F79EFBC}") = "ADO.Net练习", "ADO.Net练习\ADO.Net练习.csproj", "{15627185-E971-4C7B-B12A-DE12F6498EAA}"
EndProject
Project("{FAE04EC0-301F-11D3-BF4B-00C04F79EFBC}") = "iBatisUnityTest", "iBatisUnityTest\iBatisUnityTest.csproj", "{272D6D36-A5B8-425F-8DB3-1A20D7694EE6}"
EndProject
Project("{FAE04EC0-301F-11D3-BF4B-00C04F79EFBC}") = "WebApiTest", "WebApiTest\WebApiTest.csproj", "{054AB26C-D71A-4C60-B4C7-96818E16BF28}"
EndProject
Project("{2150E333-8FDC-42A3-9474-1A3956D46DE8}") = "Solution Items", "Solution Items", "{9FF71A0F-F11C-4815-BDAF-F25A0346B884}"
	ProjectSection(SolutionItems) = preProject
		CSharpStudy.md = CSharpStudy.md
		前端note.md = 前端note.md
	EndProjectSection
EndProject
Global
	GlobalSection(SolutionConfigurationPlatforms) = preSolution
		Debug|Any CPU = Debug|Any CPU
		Debug|x64 = Debug|x64
		Debug|x86 = Debug|x86
		Release|Any CPU = Release|Any CPU
		Release|x64 = Release|x64
		Release|x86 = Release|x86
	EndGlobalSection
	GlobalSection(ProjectConfigurationPlatforms) = postSolution
		{F0A8065D-E7A7-4DEB-81CF-A51A1FB53493}.Debug|Any CPU.ActiveCfg = Debug|Any CPU
		{F0A8065D-E7A7-4DEB-81CF-A51A1FB53493}.Debug|Any CPU.Build.0 = Debug|Any CPU
		{F0A8065D-E7A7-4DEB-81CF-A51A1FB53493}.Debug|x64.ActiveCfg = Debug|Any CPU
		{F0A8065D-E7A7-4DEB-81CF-A51A1FB53493}.Debug|x64.Build.0 = Debug|Any CPU
		{F0A8065D-E7A7-4DEB-81CF-A51A1FB53493}.Debug|x86.ActiveCfg = Debug|Any CPU
		{F0A8065D-E7A7-4DEB-81CF-A51A1FB53493}.Debug|x86.Build.0 = Debug|Any CPU
		{F0A8065D-E7A7-4DEB-81CF-A51A1FB53493}.Release|Any CPU.ActiveCfg = Release|Any CPU
		{F0A8065D-E7A7-4DEB-81CF-A51A1FB53493}.Release|Any CPU.Build.0 = Release|Any CPU
		{F0A8065D-E7A7-4DEB-81CF-A51A1FB53493}.Release|x64.ActiveCfg = Release|Any CPU
		{F0A8065D-E7A7-4DEB-81CF-A51A1FB53493}.Release|x64.Build.0 = Release|Any CPU
		{F0A8065D-E7A7-4DEB-81CF-A51A1FB53493}.Release|x86.ActiveCfg = Release|Any CPU
		{F0A8065D-E7A7-4DEB-81CF-A51A1FB53493}.Release|x86.Build.0 = Release|Any CPU
		{0822255C-17A7-4795-B100-4D54E8FEBF17}.Debug|Any CPU.ActiveCfg = Debug|Any CPU
		{0822255C-17A7-4795-B100-4D54E8FEBF17}.Debug|Any CPU.Build.0 = Debug|Any CPU
		{0822255C-17A7-4795-B100-4D54E8FEBF17}.Debug|x64.ActiveCfg = Debug|Any CPU
		{0822255C-17A7-4795-B100-4D54E8FEBF17}.Debug|x64.Build.0 = Debug|Any CPU
		{0822255C-17A7-4795-B100-4D54E8FEBF17}.Debug|x86.ActiveCfg = Debug|Any CPU
		{0822255C-17A7-4795-B100-4D54E8FEBF17}.Debug|x86.Build.0 = Debug|Any CPU
		{0822255C-17A7-4795-B100-4D54E8FEBF17}.Release|Any CPU.ActiveCfg = Release|Any CPU
		{0822255C-17A7-4795-B100-4D54E8FEBF17}.Release|Any CPU.Build.0 = Release|Any CPU
		{0822255C-17A7-4795-B100-4D54E8FEBF17}.Release|x64.ActiveCfg = Release|Any CPU
		{0822255C-17A7-4795-B100-4D54E8FEBF17}.Release|x64.Build.0 = Release|Any CPU
		{0822255C-17A7-4795-B100-4D54E8FEBF17}.Release|x86.ActiveCfg = Release|Any CPU
		{0822255C-17A7-4795-B100-4D54E8FEBF17}.Release|x86.Build.0 = Release|Any CPU
		{DEB9D25E-BF3F-4583-87EB-63D41A90C7C9}.Debug|Any CPU.ActiveCfg = Debug|Any CPU
		{DEB9D25E-BF3F-4583-87EB-63D41A90C7C9}.Debug|Any CPU.Build.0 = Debug|Any CPU
		{DEB9D25E-BF3F-4583-87EB-63D41A90C7C9}.Debug|x64.ActiveCfg = Debug|Any CPU
		{DEB9D25E-BF3F-4583-87EB-63D41A90C7C9}.Debug|x64.Build.0 = Debug|Any CPU
		{DEB9D25E-BF3F-4583-87EB-63D41A90C7C9}.Debug|x86.ActiveCfg = Debug|Any CPU
		{DEB9D25E-BF3F-4583-87EB-63D41A90C7C9}.Debug|x86.Build.0 = Debug|Any CPU
		{DEB9D25E-BF3F-4583-87EB-63D41A90C7C9}.Release|Any CPU.ActiveCfg = Release|Any CPU
		{DEB9D25E-BF3F-4583-87EB-63D41A90C7C9}.Release|Any CPU.Build.0 = Release|Any CPU
		{DEB9D25E-BF3F-4583-87EB-63D41A90C7C9}.Release|x64.ActiveCfg = Release|Any CPU
		{DEB9D25E-BF3F-4583-87EB-63D41A90C7C9}.Release|x64.Build.0 = Release|Any CPU
		{DEB9D25E-BF3F-4583-87EB-63D41A90C7C9}.Release|x86.ActiveCfg = Release|Any CPU
		{DEB9D25E-BF3F-4583-87EB-63D41A90C7C9}.Release|x86.Build.0 = Release|Any CPU
		{7045D361-41E7-4694-9FA2-DFCC369D39BC}.Debug|Any CPU.ActiveCfg = Debug|Any CPU
		{7045D361-41E7-4694-9FA2-DFCC369D39BC}.Debug|Any CPU.Build.0 = Debug|Any CPU
		{7045D361-41E7-4694-9FA2-DFCC369D39BC}.Debug|x64.ActiveCfg = Debug|Any CPU
		{7045D361-41E7-4694-9FA2-DFCC369D39BC}.Debug|x64.Build.0 = Debug|Any CPU
		{7045D361-41E7-4694-9FA2-DFCC369D39BC}.Debug|x86.ActiveCfg = Debug|Any CPU
		{7045D361-41E7-4694-9FA2-DFCC369D39BC}.Debug|x86.Build.0 = Debug|Any CPU
		{7045D361-41E7-4694-9FA2-DFCC369D39BC}.Release|Any CPU.ActiveCfg = Release|Any CPU
		{7045D361-41E7-4694-9FA2-DFCC369D39BC}.Release|Any CPU.Build.0 = Release|Any CPU
		{7045D361-41E7-4694-9FA2-DFCC369D39BC}.Release|x64.ActiveCfg = Release|Any CPU
		{7045D361-41E7-4694-9FA2-DFCC369D39BC}.Release|x64.Build.0 = Release|Any CPU
		{7045D361-41E7-4694-9FA2-DFCC369D39BC}.Release|x86.ActiveCfg = Release|Any CPU
		{7045D361-41E7-4694-9FA2-DFCC369D39BC}.Release|x86.Build.0 = Release|Any CPU
		{0F91C1CC-342B-4F25-9B88-20EDFD1BA304}.Debug|Any CPU.ActiveCfg = Debug|Any CPU
		{0F91C1CC-342B-4F25-9B88-20EDFD1BA304}.Debug|Any CPU.Build.0 = Debug|Any CPU
		{0F91C1CC-342B-4F25-9B88-20EDFD1BA304}.Debug|x64.ActiveCfg = Debug|Any CPU
		{0F91C1CC-342B-4F25-9B88-20EDFD1BA304}.Debug|x64.Build.0 = Debug|Any CPU
		{0F91C1CC-342B-4F25-9B88-20EDFD1BA304}.Debug|x86.ActiveCfg = Debug|Any CPU
		{0F91C1CC-342B-4F25-9B88-20EDFD1BA304}.Debug|x86.Build.0 = Debug|Any CPU
		{0F91C1CC-342B-4F25-9B88-20EDFD1BA304}.Release|Any CPU.ActiveCfg = Release|Any CPU
		{0F91C1CC-342B-4F25-9B88-20EDFD1BA304}.Release|Any CPU.Build.0 = Release|Any CPU
		{0F91C1CC-342B-4F25-9B88-20EDFD1BA304}.Release|x64.ActiveCfg = Release|Any CPU
		{0F91C1CC-342B-4F25-9B88-20EDFD1BA304}.Release|x64.Build.0 = Release|Any CPU
		{0F91C1CC-342B-4F25-9B88-20EDFD1BA304}.Release|x86.ActiveCfg = Release|Any CPU
		{0F91C1CC-342B-4F25-9B88-20EDFD1BA304}.Release|x86.Build.0 = Release|Any CPU
		{42BD4EA5-76C1-43AC-9D23-3E4396466B31}.Debug|Any CPU.ActiveCfg = Debug|Any CPU
		{42BD4EA5-76C1-43AC-9D23-3E4396466B31}.Debug|Any CPU.Build.0 = Debug|Any CPU
		{42BD4EA5-76C1-43AC-9D23-3E4396466B31}.Debug|x64.ActiveCfg = Debug|Any CPU
		{42BD4EA5-76C1-43AC-9D23-3E4396466B31}.Debug|x64.Build.0 = Debug|Any CPU
		{42BD4EA5-76C1-43AC-9D23-3E4396466B31}.Debug|x86.ActiveCfg = Debug|Any CPU
		{42BD4EA5-76C1-43AC-9D23-3E4396466B31}.Debug|x86.Build.0 = Debug|Any CPU
		{42BD4EA5-76C1-43AC-9D23-3E4396466B31}.Release|Any CPU.ActiveCfg = Release|Any CPU
		{42BD4EA5-76C1-43AC-9D23-3E4396466B31}.Release|Any CPU.Build.0 = Release|Any CPU
		{42BD4EA5-76C1-43AC-9D23-3E4396466B31}.Release|x64.ActiveCfg = Release|Any CPU
		{42BD4EA5-76C1-43AC-9D23-3E4396466B31}.Release|x64.Build.0 = Release|Any CPU
		{42BD4EA5-76C1-43AC-9D23-3E4396466B31}.Release|x86.ActiveCfg = Release|Any CPU
		{42BD4EA5-76C1-43AC-9D23-3E4396466B31}.Release|x86.Build.0 = Release|Any CPU
		{0BB1110C-36C3-4262-B367-035481AFA50F}.Debug|Any CPU.ActiveCfg = Debug|Any CPU
		{0BB1110C-36C3-4262-B367-035481AFA50F}.Debug|Any CPU.Build.0 = Debug|Any CPU
		{0BB1110C-36C3-4262-B367-035481AFA50F}.Debug|x64.ActiveCfg = Debug|Any CPU
		{0BB1110C-36C3-4262-B367-035481AFA50F}.Debug|x64.Build.0 = Debug|Any CPU
		{0BB1110C-36C3-4262-B367-035481AFA50F}.Debug|x86.ActiveCfg = Debug|Any CPU
		{0BB1110C-36C3-4262-B367-035481AFA50F}.Debug|x86.Build.0 = Debug|Any CPU
		{0BB1110C-36C3-4262-B367-035481AFA50F}.Release|Any CPU.ActiveCfg = Release|Any CPU
		{0BB1110C-36C3-4262-B367-035481AFA50F}.Release|Any CPU.Build.0 = Release|Any CPU
		{0BB1110C-36C3-4262-B367-035481AFA50F}.Release|x64.ActiveCfg = Release|Any CPU
		{0BB1110C-36C3-4262-B367-035481AFA50F}.Release|x64.Build.0 = Release|Any CPU
		{0BB1110C-36C3-4262-B367-035481AFA50F}.Release|x86.ActiveCfg = Release|Any CPU
		{0BB1110C-36C3-4262-B367-035481AFA50F}.Release|x86.Build.0 = Release|Any CPU
		{87C5512B-8CC1-4FD4-8146-3888D3B73333}.Debug|Any CPU.ActiveCfg = Debug|Any CPU
		{87C5512B-8CC1-4FD4-8146-3888D3B73333}.Debug|Any CPU.Build.0 = Debug|Any CPU
		{87C5512B-8CC1-4FD4-8146-3888D3B73333}.Debug|x64.ActiveCfg = Debug|Any CPU
		{87C5512B-8CC1-4FD4-8146-3888D3B73333}.Debug|x64.Build.0 = Debug|Any CPU
		{87C5512B-8CC1-4FD4-8146-3888D3B73333}.Debug|x86.ActiveCfg = Debug|Any CPU
		{87C5512B-8CC1-4FD4-8146-3888D3B73333}.Debug|x86.Build.0 = Debug|Any CPU
		{87C5512B-8CC1-4FD4-8146-3888D3B73333}.Release|Any CPU.ActiveCfg = Release|Any CPU
		{87C5512B-8CC1-4FD4-8146-3888D3B73333}.Release|Any CPU.Build.0 = Release|Any CPU
		{87C5512B-8CC1-4FD4-8146-3888D3B73333}.Release|x64.ActiveCfg = Release|Any CPU
		{87C5512B-8CC1-4FD4-8146-3888D3B73333}.Release|x64.Build.0 = Release|Any CPU
		{87C5512B-8CC1-4FD4-8146-3888D3B73333}.Release|x86.ActiveCfg = Release|Any CPU
		{87C5512B-8CC1-4FD4-8146-3888D3B73333}.Release|x86.Build.0 = Release|Any CPU
		{70787864-DF18-4D74-8F7D-CF8EBAFA76C1}.Debug|Any CPU.ActiveCfg = Debug|Any CPU
		{70787864-DF18-4D74-8F7D-CF8EBAFA76C1}.Debug|Any CPU.Build.0 = Debug|Any CPU
		{70787864-DF18-4D74-8F7D-CF8EBAFA76C1}.Debug|x64.ActiveCfg = Debug|Any CPU
		{70787864-DF18-4D74-8F7D-CF8EBAFA76C1}.Debug|x64.Build.0 = Debug|Any CPU
		{70787864-DF18-4D74-8F7D-CF8EBAFA76C1}.Debug|x86.ActiveCfg = Debug|Any CPU
		{70787864-DF18-4D74-8F7D-CF8EBAFA76C1}.Debug|x86.Build.0 = Debug|Any CPU
		{70787864-DF18-4D74-8F7D-CF8EBAFA76C1}.Release|Any CPU.ActiveCfg = Release|Any CPU
		{70787864-DF18-4D74-8F7D-CF8EBAFA76C1}.Release|Any CPU.Build.0 = Release|Any CPU
		{70787864-DF18-4D74-8F7D-CF8EBAFA76C1}.Release|x64.ActiveCfg = Release|Any CPU
		{70787864-DF18-4D74-8F7D-CF8EBAFA76C1}.Release|x64.Build.0 = Release|Any CPU
		{70787864-DF18-4D74-8F7D-CF8EBAFA76C1}.Release|x86.ActiveCfg = Release|Any CPU
		{70787864-DF18-4D74-8F7D-CF8EBAFA76C1}.Release|x86.Build.0 = Release|Any CPU
		{C5BC925D-1465-4064-97FA-CE014970C232}.Debug|Any CPU.ActiveCfg = Debug|Any CPU
		{C5BC925D-1465-4064-97FA-CE014970C232}.Debug|Any CPU.Build.0 = Debug|Any CPU
		{C5BC925D-1465-4064-97FA-CE014970C232}.Debug|x64.ActiveCfg = Debug|Any CPU
		{C5BC925D-1465-4064-97FA-CE014970C232}.Debug|x64.Build.0 = Debug|Any CPU
		{C5BC925D-1465-4064-97FA-CE014970C232}.Debug|x86.ActiveCfg = Debug|Any CPU
		{C5BC925D-1465-4064-97FA-CE014970C232}.Debug|x86.Build.0 = Debug|Any CPU
		{C5BC925D-1465-4064-97FA-CE014970C232}.Release|Any CPU.ActiveCfg = Release|Any CPU
		{C5BC925D-1465-4064-97FA-CE014970C232}.Release|Any CPU.Build.0 = Release|Any CPU
		{C5BC925D-1465-4064-97FA-CE014970C232}.Release|x64.ActiveCfg = Release|Any CPU
		{C5BC925D-1465-4064-97FA-CE014970C232}.Release|x64.Build.0 = Release|Any CPU
		{C5BC925D-1465-4064-97FA-CE014970C232}.Release|x86.ActiveCfg = Release|Any CPU
		{C5BC925D-1465-4064-97FA-CE014970C232}.Release|x86.Build.0 = Release|Any CPU
		{929ACF04-1205-4DC8-A973-BE4D7F1BCF94}.Debug|Any CPU.ActiveCfg = Debug|Any CPU
		{929ACF04-1205-4DC8-A973-BE4D7F1BCF94}.Debug|Any CPU.Build.0 = Debug|Any CPU
		{929ACF04-1205-4DC8-A973-BE4D7F1BCF94}.Debug|x64.ActiveCfg = Debug|Any CPU
		{929ACF04-1205-4DC8-A973-BE4D7F1BCF94}.Debug|x64.Build.0 = Debug|Any CPU
		{929ACF04-1205-4DC8-A973-BE4D7F1BCF94}.Debug|x86.ActiveCfg = Debug|Any CPU
		{929ACF04-1205-4DC8-A973-BE4D7F1BCF94}.Debug|x86.Build.0 = Debug|Any CPU
		{929ACF04-1205-4DC8-A973-BE4D7F1BCF94}.Release|Any CPU.ActiveCfg = Release|Any CPU
		{929ACF04-1205-4DC8-A973-BE4D7F1BCF94}.Release|Any CPU.Build.0 = Release|Any CPU
		{929ACF04-1205-4DC8-A973-BE4D7F1BCF94}.Release|x64.ActiveCfg = Release|Any CPU
		{929ACF04-1205-4DC8-A973-BE4D7F1BCF94}.Release|x64.Build.0 = Release|Any CPU
		{929ACF04-1205-4DC8-A973-BE4D7F1BCF94}.Release|x86.ActiveCfg = Release|Any CPU
		{929ACF04-1205-4DC8-A973-BE4D7F1BCF94}.Release|x86.Build.0 = Release|Any CPU
		{C22DC3F4-9DE2-41B3-AFC6-40944AED1FF5}.Debug|Any CPU.ActiveCfg = Debug|Any CPU
		{C22DC3F4-9DE2-41B3-AFC6-40944AED1FF5}.Debug|Any CPU.Build.0 = Debug|Any CPU
		{C22DC3F4-9DE2-41B3-AFC6-40944AED1FF5}.Debug|x64.ActiveCfg = Debug|Any CPU
		{C22DC3F4-9DE2-41B3-AFC6-40944AED1FF5}.Debug|x64.Build.0 = Debug|Any CPU
		{C22DC3F4-9DE2-41B3-AFC6-40944AED1FF5}.Debug|x86.ActiveCfg = Debug|Any CPU
		{C22DC3F4-9DE2-41B3-AFC6-40944AED1FF5}.Debug|x86.Build.0 = Debug|Any CPU
		{C22DC3F4-9DE2-41B3-AFC6-40944AED1FF5}.Release|Any CPU.ActiveCfg = Release|Any CPU
		{C22DC3F4-9DE2-41B3-AFC6-40944AED1FF5}.Release|Any CPU.Build.0 = Release|Any CPU
		{C22DC3F4-9DE2-41B3-AFC6-40944AED1FF5}.Release|x64.ActiveCfg = Release|Any CPU
		{C22DC3F4-9DE2-41B3-AFC6-40944AED1FF5}.Release|x64.Build.0 = Release|Any CPU
		{C22DC3F4-9DE2-41B3-AFC6-40944AED1FF5}.Release|x86.ActiveCfg = Release|Any CPU
		{C22DC3F4-9DE2-41B3-AFC6-40944AED1FF5}.Release|x86.Build.0 = Release|Any CPU
		{F9680C63-74B9-47B9-BD52-795F9FC52525}.Debug|Any CPU.ActiveCfg = Debug|Any CPU
		{F9680C63-74B9-47B9-BD52-795F9FC52525}.Debug|Any CPU.Build.0 = Debug|Any CPU
		{F9680C63-74B9-47B9-BD52-795F9FC52525}.Debug|x64.ActiveCfg = Debug|Any CPU
		{F9680C63-74B9-47B9-BD52-795F9FC52525}.Debug|x64.Build.0 = Debug|Any CPU
		{F9680C63-74B9-47B9-BD52-795F9FC52525}.Debug|x86.ActiveCfg = Debug|Any CPU
		{F9680C63-74B9-47B9-BD52-795F9FC52525}.Debug|x86.Build.0 = Debug|Any CPU
		{F9680C63-74B9-47B9-BD52-795F9FC52525}.Release|Any CPU.ActiveCfg = Release|Any CPU
		{F9680C63-74B9-47B9-BD52-795F9FC52525}.Release|Any CPU.Build.0 = Release|Any CPU
		{F9680C63-74B9-47B9-BD52-795F9FC52525}.Release|x64.ActiveCfg = Release|Any CPU
		{F9680C63-74B9-47B9-BD52-795F9FC52525}.Release|x64.Build.0 = Release|Any CPU
		{F9680C63-74B9-47B9-BD52-795F9FC52525}.Release|x86.ActiveCfg = Release|Any CPU
		{F9680C63-74B9-47B9-BD52-795F9FC52525}.Release|x86.Build.0 = Release|Any CPU
		{051987AE-C8E8-4E5C-8B65-90D91CA094C7}.Debug|Any CPU.ActiveCfg = Debug|Any CPU
		{051987AE-C8E8-4E5C-8B65-90D91CA094C7}.Debug|Any CPU.Build.0 = Debug|Any CPU
		{051987AE-C8E8-4E5C-8B65-90D91CA094C7}.Debug|x64.ActiveCfg = Debug|Any CPU
		{051987AE-C8E8-4E5C-8B65-90D91CA094C7}.Debug|x64.Build.0 = Debug|Any CPU
		{051987AE-C8E8-4E5C-8B65-90D91CA094C7}.Debug|x86.ActiveCfg = Debug|Any CPU
		{051987AE-C8E8-4E5C-8B65-90D91CA094C7}.Debug|x86.Build.0 = Debug|Any CPU
		{051987AE-C8E8-4E5C-8B65-90D91CA094C7}.Release|Any CPU.ActiveCfg = Release|Any CPU
		{051987AE-C8E8-4E5C-8B65-90D91CA094C7}.Release|Any CPU.Build.0 = Release|Any CPU
		{051987AE-C8E8-4E5C-8B65-90D91CA094C7}.Release|x64.ActiveCfg = Release|Any CPU
		{051987AE-C8E8-4E5C-8B65-90D91CA094C7}.Release|x64.Build.0 = Release|Any CPU
		{051987AE-C8E8-4E5C-8B65-90D91CA094C7}.Release|x86.ActiveCfg = Release|Any CPU
		{051987AE-C8E8-4E5C-8B65-90D91CA094C7}.Release|x86.Build.0 = Release|Any CPU
		{65E9291E-483F-4786-A6DF-E6ABB5A8AB02}.Debug|Any CPU.ActiveCfg = Debug|Any CPU
		{65E9291E-483F-4786-A6DF-E6ABB5A8AB02}.Debug|Any CPU.Build.0 = Debug|Any CPU
		{65E9291E-483F-4786-A6DF-E6ABB5A8AB02}.Debug|x64.ActiveCfg = Debug|Any CPU
		{65E9291E-483F-4786-A6DF-E6ABB5A8AB02}.Debug|x64.Build.0 = Debug|Any CPU
		{65E9291E-483F-4786-A6DF-E6ABB5A8AB02}.Debug|x86.ActiveCfg = Debug|Any CPU
		{65E9291E-483F-4786-A6DF-E6ABB5A8AB02}.Debug|x86.Build.0 = Debug|Any CPU
		{65E9291E-483F-4786-A6DF-E6ABB5A8AB02}.Release|Any CPU.ActiveCfg = Release|Any CPU
		{65E9291E-483F-4786-A6DF-E6ABB5A8AB02}.Release|Any CPU.Build.0 = Release|Any CPU
		{65E9291E-483F-4786-A6DF-E6ABB5A8AB02}.Release|x64.ActiveCfg = Release|Any CPU
		{65E9291E-483F-4786-A6DF-E6ABB5A8AB02}.Release|x64.Build.0 = Release|Any CPU
		{65E9291E-483F-4786-A6DF-E6ABB5A8AB02}.Release|x86.ActiveCfg = Release|Any CPU
		{65E9291E-483F-4786-A6DF-E6ABB5A8AB02}.Release|x86.Build.0 = Release|Any CPU
		{A7C57014-7791-41E4-BA63-8DA08251918E}.Debug|Any CPU.ActiveCfg = Debug|Any CPU
		{A7C57014-7791-41E4-BA63-8DA08251918E}.Debug|Any CPU.Build.0 = Debug|Any CPU
		{A7C57014-7791-41E4-BA63-8DA08251918E}.Debug|x64.ActiveCfg = Debug|Any CPU
		{A7C57014-7791-41E4-BA63-8DA08251918E}.Debug|x64.Build.0 = Debug|Any CPU
		{A7C57014-7791-41E4-BA63-8DA08251918E}.Debug|x86.ActiveCfg = Debug|Any CPU
		{A7C57014-7791-41E4-BA63-8DA08251918E}.Debug|x86.Build.0 = Debug|Any CPU
		{A7C57014-7791-41E4-BA63-8DA08251918E}.Release|Any CPU.ActiveCfg = Release|Any CPU
		{A7C57014-7791-41E4-BA63-8DA08251918E}.Release|Any CPU.Build.0 = Release|Any CPU
		{A7C57014-7791-41E4-BA63-8DA08251918E}.Release|x64.ActiveCfg = Release|Any CPU
		{A7C57014-7791-41E4-BA63-8DA08251918E}.Release|x64.Build.0 = Release|Any CPU
		{A7C57014-7791-41E4-BA63-8DA08251918E}.Release|x86.ActiveCfg = Release|Any CPU
		{A7C57014-7791-41E4-BA63-8DA08251918E}.Release|x86.Build.0 = Release|Any CPU
		{598658A7-DF06-44B6-B149-76E3D16DCD49}.Debug|Any CPU.ActiveCfg = Debug|Any CPU
		{598658A7-DF06-44B6-B149-76E3D16DCD49}.Debug|Any CPU.Build.0 = Debug|Any CPU
		{598658A7-DF06-44B6-B149-76E3D16DCD49}.Debug|x64.ActiveCfg = Debug|Any CPU
		{598658A7-DF06-44B6-B149-76E3D16DCD49}.Debug|x64.Build.0 = Debug|Any CPU
		{598658A7-DF06-44B6-B149-76E3D16DCD49}.Debug|x86.ActiveCfg = Debug|Any CPU
		{598658A7-DF06-44B6-B149-76E3D16DCD49}.Debug|x86.Build.0 = Debug|Any CPU
		{598658A7-DF06-44B6-B149-76E3D16DCD49}.Release|Any CPU.ActiveCfg = Release|Any CPU
		{598658A7-DF06-44B6-B149-76E3D16DCD49}.Release|Any CPU.Build.0 = Release|Any CPU
		{598658A7-DF06-44B6-B149-76E3D16DCD49}.Release|x64.ActiveCfg = Release|Any CPU
		{598658A7-DF06-44B6-B149-76E3D16DCD49}.Release|x64.Build.0 = Release|Any CPU
		{598658A7-DF06-44B6-B149-76E3D16DCD49}.Release|x86.ActiveCfg = Release|Any CPU
		{598658A7-DF06-44B6-B149-76E3D16DCD49}.Release|x86.Build.0 = Release|Any CPU
		{8AD07318-2399-44CC-A736-C4A87313B700}.Debug|Any CPU.ActiveCfg = Debug|Any CPU
		{8AD07318-2399-44CC-A736-C4A87313B700}.Debug|Any CPU.Build.0 = Debug|Any CPU
		{8AD07318-2399-44CC-A736-C4A87313B700}.Debug|x64.ActiveCfg = Debug|Any CPU
		{8AD07318-2399-44CC-A736-C4A87313B700}.Debug|x64.Build.0 = Debug|Any CPU
		{8AD07318-2399-44CC-A736-C4A87313B700}.Debug|x86.ActiveCfg = Debug|Any CPU
		{8AD07318-2399-44CC-A736-C4A87313B700}.Debug|x86.Build.0 = Debug|Any CPU
		{8AD07318-2399-44CC-A736-C4A87313B700}.Release|Any CPU.ActiveCfg = Release|Any CPU
		{8AD07318-2399-44CC-A736-C4A87313B700}.Release|Any CPU.Build.0 = Release|Any CPU
		{8AD07318-2399-44CC-A736-C4A87313B700}.Release|x64.ActiveCfg = Release|Any CPU
		{8AD07318-2399-44CC-A736-C4A87313B700}.Release|x64.Build.0 = Release|Any CPU
		{8AD07318-2399-44CC-A736-C4A87313B700}.Release|x86.ActiveCfg = Release|Any CPU
		{8AD07318-2399-44CC-A736-C4A87313B700}.Release|x86.Build.0 = Release|Any CPU
		{F6D61949-1FDD-46C8-BF3B-F8521F416127}.Debug|Any CPU.ActiveCfg = Debug|Any CPU
		{F6D61949-1FDD-46C8-BF3B-F8521F416127}.Debug|Any CPU.Build.0 = Debug|Any CPU
		{F6D61949-1FDD-46C8-BF3B-F8521F416127}.Debug|x64.ActiveCfg = Debug|Any CPU
		{F6D61949-1FDD-46C8-BF3B-F8521F416127}.Debug|x64.Build.0 = Debug|Any CPU
		{F6D61949-1FDD-46C8-BF3B-F8521F416127}.Debug|x86.ActiveCfg = Debug|Any CPU
		{F6D61949-1FDD-46C8-BF3B-F8521F416127}.Debug|x86.Build.0 = Debug|Any CPU
		{F6D61949-1FDD-46C8-BF3B-F8521F416127}.Release|Any CPU.ActiveCfg = Release|Any CPU
		{F6D61949-1FDD-46C8-BF3B-F8521F416127}.Release|Any CPU.Build.0 = Release|Any CPU
		{F6D61949-1FDD-46C8-BF3B-F8521F416127}.Release|x64.ActiveCfg = Release|Any CPU
		{F6D61949-1FDD-46C8-BF3B-F8521F416127}.Release|x64.Build.0 = Release|Any CPU
		{F6D61949-1FDD-46C8-BF3B-F8521F416127}.Release|x86.ActiveCfg = Release|Any CPU
		{F6D61949-1FDD-46C8-BF3B-F8521F416127}.Release|x86.Build.0 = Release|Any CPU
		{203E63A9-7DFD-4D9F-B9DD-A2A1F77A16C5}.Debug|Any CPU.ActiveCfg = Debug|Any CPU
		{203E63A9-7DFD-4D9F-B9DD-A2A1F77A16C5}.Debug|Any CPU.Build.0 = Debug|Any CPU
		{203E63A9-7DFD-4D9F-B9DD-A2A1F77A16C5}.Debug|x64.ActiveCfg = Debug|Any CPU
		{203E63A9-7DFD-4D9F-B9DD-A2A1F77A16C5}.Debug|x64.Build.0 = Debug|Any CPU
		{203E63A9-7DFD-4D9F-B9DD-A2A1F77A16C5}.Debug|x86.ActiveCfg = Debug|Any CPU
		{203E63A9-7DFD-4D9F-B9DD-A2A1F77A16C5}.Debug|x86.Build.0 = Debug|Any CPU
		{203E63A9-7DFD-4D9F-B9DD-A2A1F77A16C5}.Release|Any CPU.ActiveCfg = Release|Any CPU
		{203E63A9-7DFD-4D9F-B9DD-A2A1F77A16C5}.Release|Any CPU.Build.0 = Release|Any CPU
		{203E63A9-7DFD-4D9F-B9DD-A2A1F77A16C5}.Release|x64.ActiveCfg = Release|Any CPU
		{203E63A9-7DFD-4D9F-B9DD-A2A1F77A16C5}.Release|x64.Build.0 = Release|Any CPU
		{203E63A9-7DFD-4D9F-B9DD-A2A1F77A16C5}.Release|x86.ActiveCfg = Release|Any CPU
		{203E63A9-7DFD-4D9F-B9DD-A2A1F77A16C5}.Release|x86.Build.0 = Release|Any CPU
		{01A295DF-3BAB-4127-B3EA-B4B2A2EC4524}.Debug|Any CPU.ActiveCfg = Debug|Any CPU
		{01A295DF-3BAB-4127-B3EA-B4B2A2EC4524}.Debug|Any CPU.Build.0 = Debug|Any CPU
		{01A295DF-3BAB-4127-B3EA-B4B2A2EC4524}.Debug|x64.ActiveCfg = Debug|Any CPU
		{01A295DF-3BAB-4127-B3EA-B4B2A2EC4524}.Debug|x64.Build.0 = Debug|Any CPU
		{01A295DF-3BAB-4127-B3EA-B4B2A2EC4524}.Debug|x86.ActiveCfg = Debug|Any CPU
		{01A295DF-3BAB-4127-B3EA-B4B2A2EC4524}.Debug|x86.Build.0 = Debug|Any CPU
		{01A295DF-3BAB-4127-B3EA-B4B2A2EC4524}.Release|Any CPU.ActiveCfg = Release|Any CPU
		{01A295DF-3BAB-4127-B3EA-B4B2A2EC4524}.Release|Any CPU.Build.0 = Release|Any CPU
		{01A295DF-3BAB-4127-B3EA-B4B2A2EC4524}.Release|x64.ActiveCfg = Release|Any CPU
		{01A295DF-3BAB-4127-B3EA-B4B2A2EC4524}.Release|x64.Build.0 = Release|Any CPU
		{01A295DF-3BAB-4127-B3EA-B4B2A2EC4524}.Release|x86.ActiveCfg = Release|Any CPU
		{01A295DF-3BAB-4127-B3EA-B4B2A2EC4524}.Release|x86.Build.0 = Release|Any CPU
		{5D4118EF-7FA0-4C6F-A864-B2E44A9B1895}.Debug|Any CPU.ActiveCfg = Debug|Any CPU
		{5D4118EF-7FA0-4C6F-A864-B2E44A9B1895}.Debug|Any CPU.Build.0 = Debug|Any CPU
		{5D4118EF-7FA0-4C6F-A864-B2E44A9B1895}.Debug|x64.ActiveCfg = Debug|Any CPU
		{5D4118EF-7FA0-4C6F-A864-B2E44A9B1895}.Debug|x64.Build.0 = Debug|Any CPU
		{5D4118EF-7FA0-4C6F-A864-B2E44A9B1895}.Debug|x86.ActiveCfg = Debug|Any CPU
		{5D4118EF-7FA0-4C6F-A864-B2E44A9B1895}.Debug|x86.Build.0 = Debug|Any CPU
		{5D4118EF-7FA0-4C6F-A864-B2E44A9B1895}.Release|Any CPU.ActiveCfg = Release|Any CPU
		{5D4118EF-7FA0-4C6F-A864-B2E44A9B1895}.Release|Any CPU.Build.0 = Release|Any CPU
		{5D4118EF-7FA0-4C6F-A864-B2E44A9B1895}.Release|x64.ActiveCfg = Release|Any CPU
		{5D4118EF-7FA0-4C6F-A864-B2E44A9B1895}.Release|x64.Build.0 = Release|Any CPU
		{5D4118EF-7FA0-4C6F-A864-B2E44A9B1895}.Release|x86.ActiveCfg = Release|Any CPU
		{5D4118EF-7FA0-4C6F-A864-B2E44A9B1895}.Release|x86.Build.0 = Release|Any CPU
		{52B090AF-1E15-4468-BE32-DFC454D315B9}.Debug|Any CPU.ActiveCfg = Debug|Any CPU
		{52B090AF-1E15-4468-BE32-DFC454D315B9}.Debug|Any CPU.Build.0 = Debug|Any CPU
		{52B090AF-1E15-4468-BE32-DFC454D315B9}.Debug|x64.ActiveCfg = Debug|Any CPU
		{52B090AF-1E15-4468-BE32-DFC454D315B9}.Debug|x64.Build.0 = Debug|Any CPU
		{52B090AF-1E15-4468-BE32-DFC454D315B9}.Debug|x86.ActiveCfg = Debug|Any CPU
		{52B090AF-1E15-4468-BE32-DFC454D315B9}.Debug|x86.Build.0 = Debug|Any CPU
		{52B090AF-1E15-4468-BE32-DFC454D315B9}.Release|Any CPU.ActiveCfg = Release|Any CPU
		{52B090AF-1E15-4468-BE32-DFC454D315B9}.Release|Any CPU.Build.0 = Release|Any CPU
		{52B090AF-1E15-4468-BE32-DFC454D315B9}.Release|x64.ActiveCfg = Release|Any CPU
		{52B090AF-1E15-4468-BE32-DFC454D315B9}.Release|x64.Build.0 = Release|Any CPU
		{52B090AF-1E15-4468-BE32-DFC454D315B9}.Release|x86.ActiveCfg = Release|Any CPU
		{52B090AF-1E15-4468-BE32-DFC454D315B9}.Release|x86.Build.0 = Release|Any CPU
		{60B6A516-1CEC-4CCE-82CA-E91187ABF8A8}.Debug|Any CPU.ActiveCfg = Debug|Any CPU
		{60B6A516-1CEC-4CCE-82CA-E91187ABF8A8}.Debug|Any CPU.Build.0 = Debug|Any CPU
		{60B6A516-1CEC-4CCE-82CA-E91187ABF8A8}.Debug|x64.ActiveCfg = Debug|Any CPU
		{60B6A516-1CEC-4CCE-82CA-E91187ABF8A8}.Debug|x64.Build.0 = Debug|Any CPU
		{60B6A516-1CEC-4CCE-82CA-E91187ABF8A8}.Debug|x86.ActiveCfg = Debug|Any CPU
		{60B6A516-1CEC-4CCE-82CA-E91187ABF8A8}.Debug|x86.Build.0 = Debug|Any CPU
		{60B6A516-1CEC-4CCE-82CA-E91187ABF8A8}.Release|Any CPU.ActiveCfg = Release|Any CPU
		{60B6A516-1CEC-4CCE-82CA-E91187ABF8A8}.Release|Any CPU.Build.0 = Release|Any CPU
		{60B6A516-1CEC-4CCE-82CA-E91187ABF8A8}.Release|x64.ActiveCfg = Release|Any CPU
		{60B6A516-1CEC-4CCE-82CA-E91187ABF8A8}.Release|x64.Build.0 = Release|Any CPU
		{60B6A516-1CEC-4CCE-82CA-E91187ABF8A8}.Release|x86.ActiveCfg = Release|Any CPU
		{60B6A516-1CEC-4CCE-82CA-E91187ABF8A8}.Release|x86.Build.0 = Release|Any CPU
		{77A6AAC6-1FF6-496F-B4D1-EF7483EE6836}.Debug|Any CPU.ActiveCfg = Debug|Any CPU
		{77A6AAC6-1FF6-496F-B4D1-EF7483EE6836}.Debug|Any CPU.Build.0 = Debug|Any CPU
		{77A6AAC6-1FF6-496F-B4D1-EF7483EE6836}.Debug|x64.ActiveCfg = Debug|Any CPU
		{77A6AAC6-1FF6-496F-B4D1-EF7483EE6836}.Debug|x64.Build.0 = Debug|Any CPU
		{77A6AAC6-1FF6-496F-B4D1-EF7483EE6836}.Debug|x86.ActiveCfg = Debug|Any CPU
		{77A6AAC6-1FF6-496F-B4D1-EF7483EE6836}.Debug|x86.Build.0 = Debug|Any CPU
		{77A6AAC6-1FF6-496F-B4D1-EF7483EE6836}.Release|Any CPU.ActiveCfg = Release|Any CPU
		{77A6AAC6-1FF6-496F-B4D1-EF7483EE6836}.Release|Any CPU.Build.0 = Release|Any CPU
		{77A6AAC6-1FF6-496F-B4D1-EF7483EE6836}.Release|x64.ActiveCfg = Release|Any CPU
		{77A6AAC6-1FF6-496F-B4D1-EF7483EE6836}.Release|x64.Build.0 = Release|Any CPU
		{77A6AAC6-1FF6-496F-B4D1-EF7483EE6836}.Release|x86.ActiveCfg = Release|Any CPU
		{77A6AAC6-1FF6-496F-B4D1-EF7483EE6836}.Release|x86.Build.0 = Release|Any CPU
		{B6C6F862-F27F-445C-8DA6-E08913B7732A}.Debug|Any CPU.ActiveCfg = Debug|Any CPU
		{B6C6F862-F27F-445C-8DA6-E08913B7732A}.Debug|Any CPU.Build.0 = Debug|Any CPU
		{B6C6F862-F27F-445C-8DA6-E08913B7732A}.Debug|x64.ActiveCfg = Debug|Any CPU
		{B6C6F862-F27F-445C-8DA6-E08913B7732A}.Debug|x64.Build.0 = Debug|Any CPU
		{B6C6F862-F27F-445C-8DA6-E08913B7732A}.Debug|x86.ActiveCfg = Debug|Any CPU
		{B6C6F862-F27F-445C-8DA6-E08913B7732A}.Debug|x86.Build.0 = Debug|Any CPU
		{B6C6F862-F27F-445C-8DA6-E08913B7732A}.Release|Any CPU.ActiveCfg = Release|Any CPU
		{B6C6F862-F27F-445C-8DA6-E08913B7732A}.Release|Any CPU.Build.0 = Release|Any CPU
		{B6C6F862-F27F-445C-8DA6-E08913B7732A}.Release|x64.ActiveCfg = Release|Any CPU
		{B6C6F862-F27F-445C-8DA6-E08913B7732A}.Release|x64.Build.0 = Release|Any CPU
		{B6C6F862-F27F-445C-8DA6-E08913B7732A}.Release|x86.ActiveCfg = Release|Any CPU
		{B6C6F862-F27F-445C-8DA6-E08913B7732A}.Release|x86.Build.0 = Release|Any CPU
		{F69AE178-F1C1-4AD2-980F-E3BB336409F4}.Debug|Any CPU.ActiveCfg = Debug|Any CPU
		{F69AE178-F1C1-4AD2-980F-E3BB336409F4}.Debug|Any CPU.Build.0 = Debug|Any CPU
		{F69AE178-F1C1-4AD2-980F-E3BB336409F4}.Debug|x64.ActiveCfg = Debug|Any CPU
		{F69AE178-F1C1-4AD2-980F-E3BB336409F4}.Debug|x64.Build.0 = Debug|Any CPU
		{F69AE178-F1C1-4AD2-980F-E3BB336409F4}.Debug|x86.ActiveCfg = Debug|Any CPU
		{F69AE178-F1C1-4AD2-980F-E3BB336409F4}.Debug|x86.Build.0 = Debug|Any CPU
		{F69AE178-F1C1-4AD2-980F-E3BB336409F4}.Release|Any CPU.ActiveCfg = Release|Any CPU
		{F69AE178-F1C1-4AD2-980F-E3BB336409F4}.Release|Any CPU.Build.0 = Release|Any CPU
		{F69AE178-F1C1-4AD2-980F-E3BB336409F4}.Release|x64.ActiveCfg = Release|Any CPU
		{F69AE178-F1C1-4AD2-980F-E3BB336409F4}.Release|x64.Build.0 = Release|Any CPU
		{F69AE178-F1C1-4AD2-980F-E3BB336409F4}.Release|x86.ActiveCfg = Release|Any CPU
		{F69AE178-F1C1-4AD2-980F-E3BB336409F4}.Release|x86.Build.0 = Release|Any CPU
		{97898663-B669-4A98-9723-5A74804DC01B}.Debug|Any CPU.ActiveCfg = Debug|Any CPU
		{97898663-B669-4A98-9723-5A74804DC01B}.Debug|Any CPU.Build.0 = Debug|Any CPU
		{97898663-B669-4A98-9723-5A74804DC01B}.Debug|x64.ActiveCfg = Debug|Any CPU
		{97898663-B669-4A98-9723-5A74804DC01B}.Debug|x64.Build.0 = Debug|Any CPU
		{97898663-B669-4A98-9723-5A74804DC01B}.Debug|x86.ActiveCfg = Debug|Any CPU
		{97898663-B669-4A98-9723-5A74804DC01B}.Debug|x86.Build.0 = Debug|Any CPU
		{97898663-B669-4A98-9723-5A74804DC01B}.Release|Any CPU.ActiveCfg = Release|Any CPU
		{97898663-B669-4A98-9723-5A74804DC01B}.Release|Any CPU.Build.0 = Release|Any CPU
		{97898663-B669-4A98-9723-5A74804DC01B}.Release|x64.ActiveCfg = Release|Any CPU
		{97898663-B669-4A98-9723-5A74804DC01B}.Release|x64.Build.0 = Release|Any CPU
		{97898663-B669-4A98-9723-5A74804DC01B}.Release|x86.ActiveCfg = Release|Any CPU
		{97898663-B669-4A98-9723-5A74804DC01B}.Release|x86.Build.0 = Release|Any CPU
		{F8D780DA-C1E6-467F-979B-B7683511EF6A}.Debug|Any CPU.ActiveCfg = Debug|Any CPU
		{F8D780DA-C1E6-467F-979B-B7683511EF6A}.Debug|Any CPU.Build.0 = Debug|Any CPU
		{F8D780DA-C1E6-467F-979B-B7683511EF6A}.Debug|x64.ActiveCfg = Debug|Any CPU
		{F8D780DA-C1E6-467F-979B-B7683511EF6A}.Debug|x64.Build.0 = Debug|Any CPU
		{F8D780DA-C1E6-467F-979B-B7683511EF6A}.Debug|x86.ActiveCfg = Debug|Any CPU
		{F8D780DA-C1E6-467F-979B-B7683511EF6A}.Debug|x86.Build.0 = Debug|Any CPU
		{F8D780DA-C1E6-467F-979B-B7683511EF6A}.Release|Any CPU.ActiveCfg = Release|Any CPU
		{F8D780DA-C1E6-467F-979B-B7683511EF6A}.Release|Any CPU.Build.0 = Release|Any CPU
		{F8D780DA-C1E6-467F-979B-B7683511EF6A}.Release|x64.ActiveCfg = Release|Any CPU
		{F8D780DA-C1E6-467F-979B-B7683511EF6A}.Release|x64.Build.0 = Release|Any CPU
		{F8D780DA-C1E6-467F-979B-B7683511EF6A}.Release|x86.ActiveCfg = Release|Any CPU
		{F8D780DA-C1E6-467F-979B-B7683511EF6A}.Release|x86.Build.0 = Release|Any CPU
		{1ABFA65F-CE25-4226-94E1-7751980CDA8E}.Debug|Any CPU.ActiveCfg = Debug|Any CPU
		{1ABFA65F-CE25-4226-94E1-7751980CDA8E}.Debug|Any CPU.Build.0 = Debug|Any CPU
		{1ABFA65F-CE25-4226-94E1-7751980CDA8E}.Debug|x64.ActiveCfg = Debug|Any CPU
		{1ABFA65F-CE25-4226-94E1-7751980CDA8E}.Debug|x64.Build.0 = Debug|Any CPU
		{1ABFA65F-CE25-4226-94E1-7751980CDA8E}.Debug|x86.ActiveCfg = Debug|Any CPU
		{1ABFA65F-CE25-4226-94E1-7751980CDA8E}.Debug|x86.Build.0 = Debug|Any CPU
		{1ABFA65F-CE25-4226-94E1-7751980CDA8E}.Release|Any CPU.ActiveCfg = Release|Any CPU
		{1ABFA65F-CE25-4226-94E1-7751980CDA8E}.Release|Any CPU.Build.0 = Release|Any CPU
		{1ABFA65F-CE25-4226-94E1-7751980CDA8E}.Release|x64.ActiveCfg = Release|Any CPU
		{1ABFA65F-CE25-4226-94E1-7751980CDA8E}.Release|x64.Build.0 = Release|Any CPU
		{1ABFA65F-CE25-4226-94E1-7751980CDA8E}.Release|x86.ActiveCfg = Release|Any CPU
		{1ABFA65F-CE25-4226-94E1-7751980CDA8E}.Release|x86.Build.0 = Release|Any CPU
		{4CB08B8F-31DA-4A22-9625-9795A8E708C6}.Debug|Any CPU.ActiveCfg = Debug|Any CPU
		{4CB08B8F-31DA-4A22-9625-9795A8E708C6}.Debug|Any CPU.Build.0 = Debug|Any CPU
		{4CB08B8F-31DA-4A22-9625-9795A8E708C6}.Debug|x64.ActiveCfg = Debug|Any CPU
		{4CB08B8F-31DA-4A22-9625-9795A8E708C6}.Debug|x64.Build.0 = Debug|Any CPU
		{4CB08B8F-31DA-4A22-9625-9795A8E708C6}.Debug|x86.ActiveCfg = Debug|Any CPU
		{4CB08B8F-31DA-4A22-9625-9795A8E708C6}.Debug|x86.Build.0 = Debug|Any CPU
		{4CB08B8F-31DA-4A22-9625-9795A8E708C6}.Release|Any CPU.ActiveCfg = Release|Any CPU
		{4CB08B8F-31DA-4A22-9625-9795A8E708C6}.Release|Any CPU.Build.0 = Release|Any CPU
		{4CB08B8F-31DA-4A22-9625-9795A8E708C6}.Release|x64.ActiveCfg = Release|Any CPU
		{4CB08B8F-31DA-4A22-9625-9795A8E708C6}.Release|x64.Build.0 = Release|Any CPU
		{4CB08B8F-31DA-4A22-9625-9795A8E708C6}.Release|x86.ActiveCfg = Release|Any CPU
		{4CB08B8F-31DA-4A22-9625-9795A8E708C6}.Release|x86.Build.0 = Release|Any CPU
		{15627185-E971-4C7B-B12A-DE12F6498EAA}.Debug|Any CPU.ActiveCfg = Debug|Any CPU
		{15627185-E971-4C7B-B12A-DE12F6498EAA}.Debug|Any CPU.Build.0 = Debug|Any CPU
		{15627185-E971-4C7B-B12A-DE12F6498EAA}.Debug|x64.ActiveCfg = Debug|Any CPU
		{15627185-E971-4C7B-B12A-DE12F6498EAA}.Debug|x64.Build.0 = Debug|Any CPU
		{15627185-E971-4C7B-B12A-DE12F6498EAA}.Debug|x86.ActiveCfg = Debug|Any CPU
		{15627185-E971-4C7B-B12A-DE12F6498EAA}.Debug|x86.Build.0 = Debug|Any CPU
		{15627185-E971-4C7B-B12A-DE12F6498EAA}.Release|Any CPU.ActiveCfg = Release|Any CPU
		{15627185-E971-4C7B-B12A-DE12F6498EAA}.Release|Any CPU.Build.0 = Release|Any CPU
		{15627185-E971-4C7B-B12A-DE12F6498EAA}.Release|x64.ActiveCfg = Release|Any CPU
		{15627185-E971-4C7B-B12A-DE12F6498EAA}.Release|x64.Build.0 = Release|Any CPU
		{15627185-E971-4C7B-B12A-DE12F6498EAA}.Release|x86.ActiveCfg = Release|Any CPU
		{15627185-E971-4C7B-B12A-DE12F6498EAA}.Release|x86.Build.0 = Release|Any CPU
		{272D6D36-A5B8-425F-8DB3-1A20D7694EE6}.Debug|Any CPU.ActiveCfg = Debug|Any CPU
		{272D6D36-A5B8-425F-8DB3-1A20D7694EE6}.Debug|Any CPU.Build.0 = Debug|Any CPU
		{272D6D36-A5B8-425F-8DB3-1A20D7694EE6}.Debug|x64.ActiveCfg = Debug|Any CPU
		{272D6D36-A5B8-425F-8DB3-1A20D7694EE6}.Debug|x64.Build.0 = Debug|Any CPU
		{272D6D36-A5B8-425F-8DB3-1A20D7694EE6}.Debug|x86.ActiveCfg = Debug|Any CPU
		{272D6D36-A5B8-425F-8DB3-1A20D7694EE6}.Debug|x86.Build.0 = Debug|Any CPU
		{272D6D36-A5B8-425F-8DB3-1A20D7694EE6}.Release|Any CPU.ActiveCfg = Release|Any CPU
		{272D6D36-A5B8-425F-8DB3-1A20D7694EE6}.Release|Any CPU.Build.0 = Release|Any CPU
		{272D6D36-A5B8-425F-8DB3-1A20D7694EE6}.Release|x64.ActiveCfg = Release|Any CPU
		{272D6D36-A5B8-425F-8DB3-1A20D7694EE6}.Release|x64.Build.0 = Release|Any CPU
		{272D6D36-A5B8-425F-8DB3-1A20D7694EE6}.Release|x86.ActiveCfg = Release|Any CPU
		{272D6D36-A5B8-425F-8DB3-1A20D7694EE6}.Release|x86.Build.0 = Release|Any CPU
		{054AB26C-D71A-4C60-B4C7-96818E16BF28}.Debug|Any CPU.ActiveCfg = Debug|Any CPU
		{054AB26C-D71A-4C60-B4C7-96818E16BF28}.Debug|Any CPU.Build.0 = Debug|Any CPU
		{054AB26C-D71A-4C60-B4C7-96818E16BF28}.Debug|x64.ActiveCfg = Debug|Any CPU
		{054AB26C-D71A-4C60-B4C7-96818E16BF28}.Debug|x64.Build.0 = Debug|Any CPU
		{054AB26C-D71A-4C60-B4C7-96818E16BF28}.Debug|x86.ActiveCfg = Debug|Any CPU
		{054AB26C-D71A-4C60-B4C7-96818E16BF28}.Debug|x86.Build.0 = Debug|Any CPU
		{054AB26C-D71A-4C60-B4C7-96818E16BF28}.Release|Any CPU.ActiveCfg = Release|Any CPU
		{054AB26C-D71A-4C60-B4C7-96818E16BF28}.Release|Any CPU.Build.0 = Release|Any CPU
		{054AB26C-D71A-4C60-B4C7-96818E16BF28}.Release|x64.ActiveCfg = Release|Any CPU
		{054AB26C-D71A-4C60-B4C7-96818E16BF28}.Release|x64.Build.0 = Release|Any CPU
		{054AB26C-D71A-4C60-B4C7-96818E16BF28}.Release|x86.ActiveCfg = Release|Any CPU
		{054AB26C-D71A-4C60-B4C7-96818E16BF28}.Release|x86.Build.0 = Release|Any CPU
	EndGlobalSection
	GlobalSection(SolutionProperties) = preSolution
		HideSolutionNode = FALSE
	EndGlobalSection
EndGlobal
